
Microsoft Visual Studio Solution File, Format Version 12.00
# Visual Studio 2012
Project("{FAE04EC0-301F-11D3-BF4B-00C04F79EFBC}") = "SelectionSort", "SelectionSort\SelectionSort.csproj", "{781D4D5E-0E3E-4602-BF0F-5DE5F2A4662A}"
EndProject
Global
	GlobalSection(SolutionConfigurationPlatforms) = preSolution
		Debug|Any CPU = Debug|Any CPU
		Release|Any CPU = Release|Any CPU
	EndGlobalSection
	GlobalSection(ProjectConfigurationPlatforms) = postSolution
		{781D4D5E-0E3E-4602-BF0F-5DE5F2A4662A}.Debug|Any CPU.ActiveCfg = Debug|Any CPU
		{781D4D5E-0E3E-4602-BF0F-5DE5F2A4662A}.Debug|Any CPU.Build.0 = Debug|Any CPU
		{781D4D5E-0E3E-4602-BF0F-5DE5F2A4662A}.Release|Any CPU.ActiveCfg = Release|Any CPU
		{781D4D5E-0E3E-4602-BF0F-5DE5F2A4662A}.Release|Any CPU.Build.0 = Release|Any CPU
	EndGlobalSection
	GlobalSection(SolutionProperties) = preSolution
		HideSolutionNode = FALSE
	EndGlobalSection
EndGlobal
